lockfileVersion: '9.0'

settings:
  autoInstallPeers: true
  excludeLinksFromLockfile: false

importers:

  .:
    devDependencies:
      '@prettier/plugin-php':
        specifier: ^0.22.2
        version: 0.22.4(prettier@3.5.1)
      '@wordpress/prettier-config':
        specifier: ^4.8.0
        version: 4.36.0(prettier@3.5.1)
      prettier:
        specifier: ^3.3.3
        version: 3.5.1
      prettier-plugin-pkg:
        specifier: ^0.18.1
        version: 0.18.1(prettier@3.5.1)

packages:

  '@prettier/plugin-php@0.22.4':
    resolution: {integrity: sha512-uZWqfyrwsxScIYkmVcfnoQGFmKVMXTHD5pqYT4l8fxzm5P3XY94hTPbf8X6TFCi2QTZBIot7GS8lfIjQjldc2g==}
    peerDependencies:
      prettier: ^3.0.0

  '@wordpress/prettier-config@4.36.0':
    resolution: {integrity: sha512-qYoHe3qbUM6lk2Qtu4gxs7bgG8nvuBTFI/gVczWySzwfzhN+CLFuCGcX3jfP8i5B8qJQH88z5JnyIyp1blVC5g==}
    engines: {node: '>=18.12.0', npm: '>=8.19.2'}
    peerDependencies:
      prettier: '>=3'

  linguist-languages@7.27.0:
    resolution: {integrity: sha512-Wzx/22c5Jsv2ag+uKy+ITanGA5hzvBZngrNGDXLTC7ZjGM6FLCYGgomauTkxNJeP9of353OM0pWqngYA180xgw==}

  php-parser@3.2.2:
    resolution: {integrity: sha512-voj3rzCJmEbwHwH3QteON28wA6K+JbcaJEofyUZkUXmcViiXofjbSbcE5PtqtjX6nstnnAEYCFoRq0mkjP5/cg==}

  prettier-plugin-pkg@0.18.1:
    resolution: {integrity: sha512-FuUxvsYZR/8rsLH8s/jbPQmgYvv0yxW8LoIHCy6+Q7p4FBjjdP3DNKx8fMTOsc0SlEB1skB4o1LcahRceIh87A==}
    engines: {node: ^14.18.0 || >=16.0.0}
    peerDependencies:
      prettier: ^3.0.3

  prettier@3.5.1:
    resolution: {integrity: sha512-hPpFQvHwL3Qv5AdRvBFMhnKo4tYxp0ReXiPn2bxkiohEX6mBeBwEpBSQTkD458RaaDKQMYSp4hX4UtfUTA5wDw==}
    engines: {node: '>=14'}
    hasBin: true

snapshots:

  '@prettier/plugin-php@0.22.4(prettier@3.5.1)':
    dependencies:
      linguist-languages: 7.27.0
      php-parser: 3.2.2
      prettier: 3.5.1

  '@wordpress/prettier-config@4.36.0(prettier@3.5.1)':
    dependencies:
      prettier: 3.5.1

  linguist-languages@7.27.0: {}

  php-parser@3.2.2: {}

  prettier-plugin-pkg@0.18.1(prettier@3.5.1):
    dependencies:
      prettier: 3.5.1

  prettier@3.5.1: {}
