lockfileVersion: '9.0'

settings:
  autoInstallPeers: true
  excludeLinksFromLockfile: false

importers:

  .:
    devDependencies:
      '@prettier/plugin-php':
        specifier: ^0.24.0
        version: 0.24.0(prettier@3.7.4)
      '@wordpress/prettier-config':
        specifier: ^4.8.0
        version: 4.36.0(prettier@3.7.4)
      prettier:
        specifier: ^3.3.3
        version: 3.7.4
      prettier-plugin-pkg:
        specifier: ^0.18.1
        version: 0.18.1(prettier@3.7.4)

packages:

  '@prettier/plugin-php@0.24.0':
    resolution: {integrity: sha512-x9l65fCE/pgoET6RQowgdgG8Xmzs44z6j6Hhg3coINCyCw9JBGJ5ZzMR2XHAM2jmAdbJAIgqB6cUn4/3W3XLTA==}
    peerDependencies:
      prettier: ^3.0.0

  '@wordpress/prettier-config@4.36.0':
    resolution: {integrity: sha512-qYoHe3qbUM6lk2Qtu4gxs7bgG8nvuBTFI/gVczWySzwfzhN+CLFuCGcX3jfP8i5B8qJQH88z5JnyIyp1blVC5g==}
    engines: {node: '>=18.12.0', npm: '>=8.19.2'}
    peerDependencies:
      prettier: '>=3'

  linguist-languages@8.2.0:
    resolution: {integrity: sha512-KCUUH9x97QWYU0SXOCGxUrZR6cSfuQrMhABB7L/0I8N0LXOeaKe7+RZs7FAwvWCV2qKfZ4Wv1luLq4OfMezSJg==}

  php-parser@3.2.5:
    resolution: {integrity: sha512-M1ZYlALFFnESbSdmRtTQrBFUHSriHgPhgqtTF/LCbZM4h7swR5PHtUceB2Kzby5CfqcsYwBn7OXTJ0+8Sajwkw==}

  prettier-plugin-pkg@0.18.1:
    resolution: {integrity: sha512-FuUxvsYZR/8rsLH8s/jbPQmgYvv0yxW8LoIHCy6+Q7p4FBjjdP3DNKx8fMTOsc0SlEB1skB4o1LcahRceIh87A==}
    engines: {node: ^14.18.0 || >=16.0.0}
    peerDependencies:
      prettier: ^3.0.3

  prettier@3.7.4:
    resolution: {integrity: sha512-v6UNi1+3hSlVvv8fSaoUbggEM5VErKmmpGA7Pl3HF8V6uKY7rvClBOJlH6yNwQtfTueNkGVpOv/mtWL9L4bgRA==}
    engines: {node: '>=14'}
    hasBin: true

snapshots:

  '@prettier/plugin-php@0.24.0(prettier@3.7.4)':
    dependencies:
      linguist-languages: 8.2.0
      php-parser: 3.2.5
      prettier: 3.7.4

  '@wordpress/prettier-config@4.36.0(prettier@3.7.4)':
    dependencies:
      prettier: 3.7.4

  linguist-languages@8.2.0: {}

  php-parser@3.2.5: {}

  prettier-plugin-pkg@0.18.1(prettier@3.7.4):
    dependencies:
      prettier: 3.7.4

  prettier@3.7.4: {}
